{
    "_readme": [
        "This file locks the dependencies of your project to a known state",
        "This file is automatically generated by composer"
    ],
    "content-hash": "xxxxxxxxxxxxxxxxxxxxxxxxxxxxxxxx",
    "packages": [],
    "packages-dev": [],
    "aliases": [],
    "minimum-stability": "stable",
    "stability-flags": [],
    "prefer-stable": true,
    "prefer-lowest": false,
    "platform": {
        "php": "^8.1"
    }
}